// !$*UTF8*$!
{
	archiveVersion = 1;
	classes = {
	};
	objectVersion = 56;
	objects = {

/* Begin PBXBuildFile section */
		03A03F5E2CABC550008B15CD /* Constants.swift in Sources */ = {isa = PBXBuildFile; fileRef = 03A03F5D2CABC550008B15CD /* Constants.swift */; };
		03A24D4E2CAFA8A1005F2FBA /* LocationManager.swift in Sources */ = {isa = PBXBuildFile; fileRef = 03A24D4D2CAFA8A1005F2FBA /* LocationManager.swift */; };
		03A24D502CAFB9D9005F2FBA /* PostRequest.swift in Sources */ = {isa = PBXBuildFile; fileRef = 03A24D4F2CAFB9D9005F2FBA /* PostRequest.swift */; };
		03A24D522CAFBF8E005F2FBA /* PostModel.swift in Sources */ = {isa = PBXBuildFile; fileRef = 03A24D512CAFBF8E005F2FBA /* PostModel.swift */; };
		03A6C0BD2CA587E3003E1C5B /* ResultScreenManager.swift in Sources */ = {isa = PBXBuildFile; fileRef = 03A6C0BC2CA587E3003E1C5B /* ResultScreenManager.swift */; };
		03BB98CF2CA2A2950082438A /* NavigationDestinations.swift in Sources */ = {isa = PBXBuildFile; fileRef = 03BB98CE2CA2A2950082438A /* NavigationDestinations.swift */; };
		03BB98D32CA2BFA10082438A /* OneWaySearchResultModel.swift in Sources */ = {isa = PBXBuildFile; fileRef = 03BB98D22CA2BFA10082438A /* OneWaySearchResultModel.swift */; };
		03BF130A2CA6B09800A9EA17 /* OneWaySearch.swift in Sources */ = {isa = PBXBuildFile; fileRef = 03BF13092CA6B09800A9EA17 /* OneWaySearch.swift */; };
		03BF130C2CA6B11900A9EA17 /* TwoWaySearch.swift in Sources */ = {isa = PBXBuildFile; fileRef = 03BF130B2CA6B11900A9EA17 /* TwoWaySearch.swift */; };
		03BF130E2CA6B33000A9EA17 /* TwoWaySerachResultModel.swift in Sources */ = {isa = PBXBuildFile; fileRef = 03BF130D2CA6B33000A9EA17 /* TwoWaySerachResultModel.swift */; };
		03C6A5242CA3D217000D57D9 /* APIServices.swift in Sources */ = {isa = PBXBuildFile; fileRef = 03C6A5232CA3D217000D57D9 /* APIServices.swift */; };
		03CCFFF52C8AEAD7001B0870 /* FareFirst_CloneApp.swift in Sources */ = {isa = PBXBuildFile; fileRef = 03CCFFF42C8AEAD7001B0870 /* FareFirst_CloneApp.swift */; };
		03CCFFF72C8AEAD7001B0870 /* ContentView.swift in Sources */ = {isa = PBXBuildFile; fileRef = 03CCFFF62C8AEAD7001B0870 /* ContentView.swift */; };
		03CCFFF92C8AEAD9001B0870 /* Assets.xcassets in Resources */ = {isa = PBXBuildFile; fileRef = 03CCFFF82C8AEAD9001B0870 /* Assets.xcassets */; };
		03CCFFFC2C8AEAD9001B0870 /* Preview Assets.xcassets in Resources */ = {isa = PBXBuildFile; fileRef = 03CCFFFB2C8AEAD9001B0870 /* Preview Assets.xcassets */; };
		03CEC1892C9C00DD007B758E /* PopPage.swift in Sources */ = {isa = PBXBuildFile; fileRef = 03CEC1882C9C00DD007B758E /* PopPage.swift */; };
		03CEC18B2C9C1E93007B758E /* Location.swift in Sources */ = {isa = PBXBuildFile; fileRef = 03CEC18A2C9C1E93007B758E /* Location.swift */; };
		03CEC18F2C9C22A8007B758E /* DateAndTraveller.swift in Sources */ = {isa = PBXBuildFile; fileRef = 03CEC18E2C9C22A8007B758E /* DateAndTraveller.swift */; };
		03CEC1932C9C2377007B758E /* FromAndToLocation.swift in Sources */ = {isa = PBXBuildFile; fileRef = 03CEC1922C9C2377007B758E /* FromAndToLocation.swift */; };
		03CEC1982C9C5446007B758E /* LocationModel.swift in Sources */ = {isa = PBXBuildFile; fileRef = 03CEC1972C9C5446007B758E /* LocationModel.swift */; };
		03D3CE912C95471D00BF05CA /* HomeScreen.swift in Sources */ = {isa = PBXBuildFile; fileRef = 03D3CE902C95471D00BF05CA /* HomeScreen.swift */; };
		03D687A02C8C7EF100B219E0 /* Trip.swift in Sources */ = {isa = PBXBuildFile; fileRef = 03D6879F2C8C7EF100B219E0 /* Trip.swift */; };
		03DBDB872C9B00300085B727 /* FlightViewModel.swift in Sources */ = {isa = PBXBuildFile; fileRef = 03DBDB862C9B00300085B727 /* FlightViewModel.swift */; };
		03FEF9EB2CAA5EB00004DA15 /* WebView.swift in Sources */ = {isa = PBXBuildFile; fileRef = 03FEF9EA2CAA5EB00004DA15 /* WebView.swift */; };
/* End PBXBuildFile section */

/* Begin PBXFileReference section */
		03A03F5D2CABC550008B15CD /* Constants.swift */ = {isa = PBXFileReference; lastKnownFileType = sourcecode.swift; path = Constants.swift; sourceTree = "<group>"; };
		03A24D4D2CAFA8A1005F2FBA /* LocationManager.swift */ = {isa = PBXFileReference; lastKnownFileType = sourcecode.swift; path = LocationManager.swift; sourceTree = "<group>"; };
		03A24D4F2CAFB9D9005F2FBA /* PostRequest.swift */ = {isa = PBXFileReference; lastKnownFileType = sourcecode.swift; path = PostRequest.swift; sourceTree = "<group>"; };
		03A24D512CAFBF8E005F2FBA /* PostModel.swift */ = {isa = PBXFileReference; lastKnownFileType = sourcecode.swift; path = PostModel.swift; sourceTree = "<group>"; };
		03A6C0BC2CA587E3003E1C5B /* ResultScreenManager.swift */ = {isa = PBXFileReference; lastKnownFileType = sourcecode.swift; path = ResultScreenManager.swift; sourceTree = "<group>"; };
		03BB98CE2CA2A2950082438A /* NavigationDestinations.swift */ = {isa = PBXFileReference; lastKnownFileType = sourcecode.swift; path = NavigationDestinations.swift; sourceTree = "<group>"; };
		03BB98D22CA2BFA10082438A /* OneWaySearchResultModel.swift */ = {isa = PBXFileReference; lastKnownFileType = sourcecode.swift; path = OneWaySearchResultModel.swift; sourceTree = "<group>"; };
		03BF13092CA6B09800A9EA17 /* OneWaySearch.swift */ = {isa = PBXFileReference; lastKnownFileType = sourcecode.swift; path = OneWaySearch.swift; sourceTree = "<group>"; };
		03BF130B2CA6B11900A9EA17 /* TwoWaySearch.swift */ = {isa = PBXFileReference; lastKnownFileType = sourcecode.swift; path = TwoWaySearch.swift; sourceTree = "<group>"; };
		03BF130D2CA6B33000A9EA17 /* TwoWaySerachResultModel.swift */ = {isa = PBXFileReference; lastKnownFileType = sourcecode.swift; path = TwoWaySerachResultModel.swift; sourceTree = "<group>"; };
		03C6A5232CA3D217000D57D9 /* APIServices.swift */ = {isa = PBXFileReference; lastKnownFileType = sourcecode.swift; path = APIServices.swift; sourceTree = "<group>"; };
		03CC00052C8AEAD9001B0870 /* FareFirst_CloneTests.swift */ = {isa = PBXFileReference; lastKnownFileType = sourcecode.swift; path = FareFirst_CloneTests.swift; sourceTree = "<group>"; };
		03CC000F2C8AEAD9001B0870 /* FareFirst_CloneUITests.swift */ = {isa = PBXFileReference; lastKnownFileType = sourcecode.swift; path = FareFirst_CloneUITests.swift; sourceTree = "<group>"; };
		03CC00112C8AEAD9001B0870 /* FareFirst_CloneUITestsLaunchTests.swift */ = {isa = PBXFileReference; lastKnownFileType = sourcecode.swift; path = FareFirst_CloneUITestsLaunchTests.swift; sourceTree = "<group>"; };
		03CCFFF12C8AEAD7001B0870 /* FareFirst-Clone.app */ = {isa = PBXFileReference; explicitFileType = wrapper.application; includeInIndex = 0; path = "FareFirst-Clone.app"; sourceTree = BUILT_PRODUCTS_DIR; };
		03CCFFF42C8AEAD7001B0870 /* FareFirst_CloneApp.swift */ = {isa = PBXFileReference; lastKnownFileType = sourcecode.swift; path = FareFirst_CloneApp.swift; sourceTree = "<group>"; };
		03CCFFF62C8AEAD7001B0870 /* ContentView.swift */ = {isa = PBXFileReference; lastKnownFileType = sourcecode.swift; path = ContentView.swift; sourceTree = "<group>"; };
		03CCFFF82C8AEAD9001B0870 /* Assets.xcassets */ = {isa = PBXFileReference; lastKnownFileType = folder.assetcatalog; path = Assets.xcassets; sourceTree = "<group>"; };
		03CCFFFB2C8AEAD9001B0870 /* Preview Assets.xcassets */ = {isa = PBXFileReference; lastKnownFileType = folder.assetcatalog; path = "Preview Assets.xcassets"; sourceTree = "<group>"; };
		03CEC1882C9C00DD007B758E /* PopPage.swift */ = {isa = PBXFileReference; lastKnownFileType = sourcecode.swift; path = PopPage.swift; sourceTree = "<group>"; };
		03CEC18A2C9C1E93007B758E /* Location.swift */ = {isa = PBXFileReference; lastKnownFileType = sourcecode.swift; path = Location.swift; sourceTree = "<group>"; };
		03CEC18E2C9C22A8007B758E /* DateAndTraveller.swift */ = {isa = PBXFileReference; lastKnownFileType = sourcecode.swift; path = DateAndTraveller.swift; sourceTree = "<group>"; };
		03CEC1922C9C2377007B758E /* FromAndToLocation.swift */ = {isa = PBXFileReference; lastKnownFileType = sourcecode.swift; path = FromAndToLocation.swift; sourceTree = "<group>"; };
		03CEC1972C9C5446007B758E /* LocationModel.swift */ = {isa = PBXFileReference; lastKnownFileType = sourcecode.swift; path = LocationModel.swift; sourceTree = "<group>"; };
		03D3CE902C95471D00BF05CA /* HomeScreen.swift */ = {isa = PBXFileReference; lastKnownFileType = sourcecode.swift; path = HomeScreen.swift; sourceTree = "<group>"; };
		03D6879F2C8C7EF100B219E0 /* Trip.swift */ = {isa = PBXFileReference; lastKnownFileType = sourcecode.swift; path = Trip.swift; sourceTree = "<group>"; };
		03DBDB862C9B00300085B727 /* FlightViewModel.swift */ = {isa = PBXFileReference; lastKnownFileType = sourcecode.swift; path = FlightViewModel.swift; sourceTree = "<group>"; };
		03FEF9EA2CAA5EB00004DA15 /* WebView.swift */ = {isa = PBXFileReference; lastKnownFileType = sourcecode.swift; path = WebView.swift; sourceTree = "<group>"; };
/* End PBXFileReference section */

/* Begin PBXFrameworksBuildPhase section */
		03CCFFEE2C8AEAD7001B0870 /* Frameworks */ = {
			isa = PBXFrameworksBuildPhase;
			buildActionMask = 2147483647;
			files = (
			);
			runOnlyForDeploymentPostprocessing = 0;
		};
/* End PBXFrameworksBuildPhase section */

/* Begin PBXGroup section */
		03A03F5C2CABC50A008B15CD /* Utilities */ = {
			isa = PBXGroup;
			children = (
				03A03F5D2CABC550008B15CD /* Constants.swift */,
			);
			path = Utilities;
			sourceTree = "<group>";
		};
		03CC00042C8AEAD9001B0870 /* FareFirst-CloneTests */ = {
			isa = PBXGroup;
			children = (
				03CC00052C8AEAD9001B0870 /* FareFirst_CloneTests.swift */,
			);
			path = "FareFirst-CloneTests";
			sourceTree = "<group>";
		};
		03CC000E2C8AEAD9001B0870 /* FareFirst-CloneUITests */ = {
			isa = PBXGroup;
			children = (
				03CC000F2C8AEAD9001B0870 /* FareFirst_CloneUITests.swift */,
				03CC00112C8AEAD9001B0870 /* FareFirst_CloneUITestsLaunchTests.swift */,
			);
			path = "FareFirst-CloneUITests";
			sourceTree = "<group>";
		};
		03CCFFE82C8AEAD7001B0870 = {
			isa = PBXGroup;
			children = (
				03CCFFF32C8AEAD7001B0870 /* FareFirst-Clone */,
				03CC00042C8AEAD9001B0870 /* FareFirst-CloneTests */,
				03CC000E2C8AEAD9001B0870 /* FareFirst-CloneUITests */,
				03CCFFF22C8AEAD7001B0870 /* Products */,
			);
			sourceTree = "<group>";
		};
		03CCFFF22C8AEAD7001B0870 /* Products */ = {
			isa = PBXGroup;
			children = (
				03CCFFF12C8AEAD7001B0870 /* FareFirst-Clone.app */,
			);
			name = Products;
			sourceTree = "<group>";
		};
		03CCFFF32C8AEAD7001B0870 /* FareFirst-Clone */ = {
			isa = PBXGroup;
			children = (
				03CCFFF42C8AEAD7001B0870 /* FareFirst_CloneApp.swift */,
				03A03F5C2CABC50A008B15CD /* Utilities */,
				03CEC1962C9C5270007B758E /* Model */,
				03CEC1852C9BFB3D007B758E /* View */,
				03DBDB852C9AFFD10085B727 /* ViewModel */,
				03CCFFF82C8AEAD9001B0870 /* Assets.xcassets */,
				03CCFFFA2C8AEAD9001B0870 /* Preview Content */,
			);
			path = "FareFirst-Clone";
			sourceTree = "<group>";
		};
		03CCFFFA2C8AEAD9001B0870 /* Preview Content */ = {
			isa = PBXGroup;
			children = (
				03CCFFFB2C8AEAD9001B0870 /* Preview Assets.xcassets */,
			);
			path = "Preview Content";
			sourceTree = "<group>";
		};
		03CEC1852C9BFB3D007B758E /* View */ = {
			isa = PBXGroup;
			children = (
				03CCFFF62C8AEAD7001B0870 /* ContentView.swift */,
				03D3CE902C95471D00BF05CA /* HomeScreen.swift */,
				03CEC1882C9C00DD007B758E /* PopPage.swift */,
				03CEC18A2C9C1E93007B758E /* Location.swift */,
				03CEC18E2C9C22A8007B758E /* DateAndTraveller.swift */,
				03CEC1922C9C2377007B758E /* FromAndToLocation.swift */,
				03D6879F2C8C7EF100B219E0 /* Trip.swift */,
				03BF13092CA6B09800A9EA17 /* OneWaySearch.swift */,
				03BF130B2CA6B11900A9EA17 /* TwoWaySearch.swift */,
				03FEF9EA2CAA5EB00004DA15 /* WebView.swift */,
			);
			path = View;
			sourceTree = "<group>";
		};
		03CEC1962C9C5270007B758E /* Model */ = {
			isa = PBXGroup;
			children = (
				03CEC1972C9C5446007B758E /* LocationModel.swift */,
				03A24D512CAFBF8E005F2FBA /* PostModel.swift */,
				03BB98D22CA2BFA10082438A /* OneWaySearchResultModel.swift */,
				03BF130D2CA6B33000A9EA17 /* TwoWaySerachResultModel.swift */,
				03BB98CE2CA2A2950082438A /* NavigationDestinations.swift */,
				03C6A5232CA3D217000D57D9 /* APIServices.swift */,
			);
			path = Model;
			sourceTree = "<group>";
		};
		03DBDB852C9AFFD10085B727 /* ViewModel */ = {
			isa = PBXGroup;
			children = (
				03DBDB862C9B00300085B727 /* FlightViewModel.swift */,
				03A24D4F2CAFB9D9005F2FBA /* PostRequest.swift */,
				03A6C0BC2CA587E3003E1C5B /* ResultScreenManager.swift */,
				03A24D4D2CAFA8A1005F2FBA /* LocationManager.swift */,
			);
			path = ViewModel;
			sourceTree = "<group>";
		};
/* End PBXGroup section */

/* Begin PBXNativeTarget section */
		03CCFFF02C8AEAD7001B0870 /* FareFirst-Clone */ = {
			isa = PBXNativeTarget;
			buildConfigurationList = 03CC00152C8AEAD9001B0870 /* Build configuration list for PBXNativeTarget "FareFirst-Clone" */;
			buildPhases = (
				03CCFFED2C8AEAD7001B0870 /* Sources */,
				03CCFFEE2C8AEAD7001B0870 /* Frameworks */,
				03CCFFEF2C8AEAD7001B0870 /* Resources */,
			);
			buildRules = (
			);
			dependencies = (
			);
			name = "FareFirst-Clone";
			productName = "FareFirst-Clone";
			productReference = 03CCFFF12C8AEAD7001B0870 /* FareFirst-Clone.app */;
			productType = "com.apple.product-type.application";
		};
/* End PBXNativeTarget section */

/* Begin PBXProject section */
		03CCFFE92C8AEAD7001B0870 /* Project object */ = {
			isa = PBXProject;
			attributes = {
				BuildIndependentTargetsInParallel = 1;
				LastSwiftUpdateCheck = 1540;
				LastUpgradeCheck = 1540;
				TargetAttributes = {
					03CCFFF02C8AEAD7001B0870 = {
						CreatedOnToolsVersion = 15.4;
					};
				};
			};
			buildConfigurationList = 03CCFFEC2C8AEAD7001B0870 /* Build configuration list for PBXProject "FareFirst-Clone" */;
			compatibilityVersion = "Xcode 14.0";
			developmentRegion = en;
			hasScannedForEncodings = 0;
			knownRegions = (
				en,
				Base,
			);
			mainGroup = 03CCFFE82C8AEAD7001B0870;
			productRefGroup = 03CCFFF22C8AEAD7001B0870 /* Products */;
			projectDirPath = "";
			projectRoot = "";
			targets = (
				03CCFFF02C8AEAD7001B0870 /* FareFirst-Clone */,
			);
		};
/* End PBXProject section */

/* Begin PBXResourcesBuildPhase section */
		03CCFFEF2C8AEAD7001B0870 /* Resources */ = {
			isa = PBXResourcesBuildPhase;
			buildActionMask = 2147483647;
			files = (
				03CCFFFC2C8AEAD9001B0870 /* Preview Assets.xcassets in Resources */,
				03CCFFF92C8AEAD9001B0870 /* Assets.xcassets in Resources */,
			);
			runOnlyForDeploymentPostprocessing = 0;
		};
/* End PBXResourcesBuildPhase section */

/* Begin PBXSourcesBuildPhase section */
		03CCFFED2C8AEAD7001B0870 /* Sources */ = {
			isa = PBXSourcesBuildPhase;
			buildActionMask = 2147483647;
			files = (
				03DBDB872C9B00300085B727 /* FlightViewModel.swift in Sources */,
				03A24D502CAFB9D9005F2FBA /* PostRequest.swift in Sources */,
				03CEC18F2C9C22A8007B758E /* DateAndTraveller.swift in Sources */,
				03CEC18B2C9C1E93007B758E /* Location.swift in Sources */,
				03BB98CF2CA2A2950082438A /* NavigationDestinations.swift in Sources */,
				03BF130E2CA6B33000A9EA17 /* TwoWaySerachResultModel.swift in Sources */,
				03CEC1982C9C5446007B758E /* LocationModel.swift in Sources */,
				03D687A02C8C7EF100B219E0 /* Trip.swift in Sources */,
				03CCFFF72C8AEAD7001B0870 /* ContentView.swift in Sources */,
				03A6C0BD2CA587E3003E1C5B /* ResultScreenManager.swift in Sources */,
				03BF130C2CA6B11900A9EA17 /* TwoWaySearch.swift in Sources */,
				03D3CE912C95471D00BF05CA /* HomeScreen.swift in Sources */,
				03C6A5242CA3D217000D57D9 /* APIServices.swift in Sources */,
				03A24D4E2CAFA8A1005F2FBA /* LocationManager.swift in Sources */,
				03FEF9EB2CAA5EB00004DA15 /* WebView.swift in Sources */,
				03CEC1932C9C2377007B758E /* FromAndToLocation.swift in Sources */,
				03A03F5E2CABC550008B15CD /* Constants.swift in Sources */,
				03CEC1892C9C00DD007B758E /* PopPage.swift in Sources */,
				03CCFFF52C8AEAD7001B0870 /* FareFirst_CloneApp.swift in Sources */,
				03BB98D32CA2BFA10082438A /* OneWaySearchResultModel.swift in Sources */,
				03BF130A2CA6B09800A9EA17 /* OneWaySearch.swift in Sources */,
				03A24D522CAFBF8E005F2FBA /* PostModel.swift in Sources */,
			);
			runOnlyForDeploymentPostprocessing = 0;
		};
/* End PBXSourcesBuildPhase section */

/* Begin XCBuildConfiguration section */
		03CC00132C8AEAD9001B0870 /* Debug */ = {
			isa = XCBuildConfiguration;
			buildSettings = {
				ALWAYS_SEARCH_USER_PATHS = NO;
				ASSETCATALOG_COMPILER_GENERATE_SWIFT_ASSET_SYMBOL_EXTENSIONS = YES;
				CLANG_ANALYZER_NONNULL = YES;
				CLANG_ANALYZER_NUMBER_OBJECT_CONVERSION = YES_AGGRESSIVE;
				CLANG_CXX_LANGUAGE_STANDARD = "gnu++20";
				CLANG_ENABLE_MODULES = YES;
				CLANG_ENABLE_OBJC_ARC = YES;
				CLANG_ENABLE_OBJC_WEAK = YES;
				CLANG_WARN_BLOCK_CAPTURE_AUTORELEASING = YES;
				CLANG_WARN_BOOL_CONVERSION = YES;
				CLANG_WARN_COMMA = YES;
				CLANG_WARN_CONSTANT_CONVERSION = YES;
				CLANG_WARN_DEPRECATED_OBJC_IMPLEMENTATIONS = YES;
				CLANG_WARN_DIRECT_OBJC_ISA_USAGE = YES_ERROR;
				CLANG_WARN_DOCUMENTATION_COMMENTS = YES;
				CLANG_WARN_EMPTY_BODY = YES;
				CLANG_WARN_ENUM_CONVERSION = YES;
				CLANG_WARN_INFINITE_RECURSION = YES;
				CLANG_WARN_INT_CONVERSION = YES;
				CLANG_WARN_NON_LITERAL_NULL_CONVERSION = YES;
				CLANG_WARN_OBJC_IMPLICIT_RETAIN_SELF = YES;
				CLANG_WARN_OBJC_LITERAL_CONVERSION = YES;
				CLANG_WARN_OBJC_ROOT_CLASS = YES_ERROR;
				CLANG_WARN_QUOTED_INCLUDE_IN_FRAMEWORK_HEADER = YES;
				CLANG_WARN_RANGE_LOOP_ANALYSIS = YES;
				CLANG_WARN_STRICT_PROTOTYPES = YES;
				CLANG_WARN_SUSPICIOUS_MOVE = YES;
				CLANG_WARN_UNGUARDED_AVAILABILITY = YES_AGGRESSIVE;
				CLANG_WARN_UNREACHABLE_CODE = YES;
				CLANG_WARN__DUPLICATE_METHOD_MATCH = YES;
				COPY_PHASE_STRIP = NO;
				DEBUG_INFORMATION_FORMAT = dwarf;
				ENABLE_STRICT_OBJC_MSGSEND = YES;
				ENABLE_TESTABILITY = YES;
				ENABLE_USER_SCRIPT_SANDBOXING = YES;
				GCC_C_LANGUAGE_STANDARD = gnu17;
				GCC_DYNAMIC_NO_PIC = NO;
				GCC_NO_COMMON_BLOCKS = YES;
				GCC_OPTIMIZATION_LEVEL = 0;
				GCC_PREPROCESSOR_DEFINITIONS = (
					"DEBUG=1",
					"$(inherited)",
				);
				GCC_WARN_64_TO_32_BIT_CONVERSION = YES;
				GCC_WARN_ABOUT_RETURN_TYPE = YES_ERROR;
				GCC_WARN_UNDECLARED_SELECTOR = YES;
				GCC_WARN_UNINITIALIZED_AUTOS = YES_AGGRESSIVE;
				GCC_WARN_UNUSED_FUNCTION = YES;
				GCC_WARN_UNUSED_VARIABLE = YES;
				IPHONEOS_DEPLOYMENT_TARGET = 16.0;
				LOCALIZATION_PREFERS_STRING_CATALOGS = YES;
				MTL_ENABLE_DEBUG_INFO = INCLUDE_SOURCE;
				MTL_FAST_MATH = YES;
				ONLY_ACTIVE_ARCH = YES;
				SDKROOT = iphoneos;
				SWIFT_ACTIVE_COMPILATION_CONDITIONS = "DEBUG $(inherited)";
				SWIFT_OPTIMIZATION_LEVEL = "-Onone";
			};
			name = Debug;
		};
		03CC00142C8AEAD9001B0870 /* Release */ = {
			isa = XCBuildConfiguration;
			buildSettings = {
				ALWAYS_SEARCH_USER_PATHS = NO;
				ASSETCATALOG_COMPILER_GENERATE_SWIFT_ASSET_SYMBOL_EXTENSIONS = YES;
				CLANG_ANALYZER_NONNULL = YES;
				CLANG_ANALYZER_NUMBER_OBJECT_CONVERSION = YES_AGGRESSIVE;
				CLANG_CXX_LANGUAGE_STANDARD = "gnu++20";
				CLANG_ENABLE_MODULES = YES;
				CLANG_ENABLE_OBJC_ARC = YES;
				CLANG_ENABLE_OBJC_WEAK = YES;
				CLANG_WARN_BLOCK_CAPTURE_AUTORELEASING = YES;
				CLANG_WARN_BOOL_CONVERSION = YES;
				CLANG_WARN_COMMA = YES;
				CLANG_WARN_CONSTANT_CONVERSION = YES;
				CLANG_WARN_DEPRECATED_OBJC_IMPLEMENTATIONS = YES;
				CLANG_WARN_DIRECT_OBJC_ISA_USAGE = YES_ERROR;
				CLANG_WARN_DOCUMENTATION_COMMENTS = YES;
				CLANG_WARN_EMPTY_BODY = YES;
				CLANG_WARN_ENUM_CONVERSION = YES;
				CLANG_WARN_INFINITE_RECURSION = YES;
				CLANG_WARN_INT_CONVERSION = YES;
				CLANG_WARN_NON_LITERAL_NULL_CONVERSION = YES;
				CLANG_WARN_OBJC_IMPLICIT_RETAIN_SELF = YES;
				CLANG_WARN_OBJC_LITERAL_CONVERSION = YES;
				CLANG_WARN_OBJC_ROOT_CLASS = YES_ERROR;
				CLANG_WARN_QUOTED_INCLUDE_IN_FRAMEWORK_HEADER = YES;
				CLANG_WARN_RANGE_LOOP_ANALYSIS = YES;
				CLANG_WARN_STRICT_PROTOTYPES = YES;
				CLANG_WARN_SUSPICIOUS_MOVE = YES;
				CLANG_WARN_UNGUARDED_AVAILABILITY = YES_AGGRESSIVE;
				CLANG_WARN_UNREACHABLE_CODE = YES;
				CLANG_WARN__DUPLICATE_METHOD_MATCH = YES;
				COPY_PHASE_STRIP = NO;
				DEBUG_INFORMATION_FORMAT = "dwarf-with-dsym";
				ENABLE_NS_ASSERTIONS = NO;
				ENABLE_STRICT_OBJC_MSGSEND = YES;
				ENABLE_USER_SCRIPT_SANDBOXING = YES;
				GCC_C_LANGUAGE_STANDARD = gnu17;
				GCC_NO_COMMON_BLOCKS = YES;
				GCC_WARN_64_TO_32_BIT_CONVERSION = YES;
				GCC_WARN_ABOUT_RETURN_TYPE = YES_ERROR;
				GCC_WARN_UNDECLARED_SELECTOR = YES;
				GCC_WARN_UNINITIALIZED_AUTOS = YES_AGGRESSIVE;
				GCC_WARN_UNUSED_FUNCTION = YES;
				GCC_WARN_UNUSED_VARIABLE = YES;
				IPHONEOS_DEPLOYMENT_TARGET = 16.0;
				LOCALIZATION_PREFERS_STRING_CATALOGS = YES;
				MTL_ENABLE_DEBUG_INFO = NO;
				MTL_FAST_MATH = YES;
				SDKROOT = iphoneos;
				SWIFT_COMPILATION_MODE = wholemodule;
				VALIDATE_PRODUCT = YES;
			};
			name = Release;
		};
		03CC00162C8AEAD9001B0870 /* Debug */ = {
			isa = XCBuildConfiguration;
			buildSettings = {
				ASSETCATALOG_COMPILER_APPICON_NAME = AppIcon;
				ASSETCATALOG_COMPILER_GLOBAL_ACCENT_COLOR_NAME = AccentColor;
				CODE_SIGN_STYLE = Automatic;
				CURRENT_PROJECT_VERSION = 1;
				DEVELOPMENT_ASSET_PATHS = "\"FareFirst-Clone/Preview Content\"";
				DEVELOPMENT_TEAM = YC8Y6Z584P;
				ENABLE_PREVIEWS = YES;
				GENERATE_INFOPLIST_FILE = YES;
				INFOPLIST_KEY_UIApplicationSceneManifest_Generation = YES;
				INFOPLIST_KEY_UIApplicationSupportsIndirectInputEvents = YES;
				INFOPLIST_KEY_UILaunchScreen_Generation = YES;
				INFOPLIST_KEY_UISupportedInterfaceOrientations = UIInterfaceOrientationPortrait;
				IPHONEOS_DEPLOYMENT_TARGET = 16.0;
				LD_RUNPATH_SEARCH_PATHS = (
					"$(inherited)",
					"@executable_path/Frameworks",
				);
				MARKETING_VERSION = 1.0;
				PRODUCT_BUNDLE_IDENTIFIER = "com.test.FareFirst-Clone";
				PRODUCT_NAME = "$(TARGET_NAME)";
				SUPPORTED_PLATFORMS = "iphoneos iphonesimulator";
				SUPPORTS_MACCATALYST = NO;
				SUPPORTS_MAC_DESIGNED_FOR_IPHONE_IPAD = NO;
				SUPPORTS_XR_DESIGNED_FOR_IPHONE_IPAD = NO;
				SWIFT_EMIT_LOC_STRINGS = YES;
				SWIFT_VERSION = 5.0;
				TARGETED_DEVICE_FAMILY = "1,2";
			};
			name = Debug;
		};
		03CC00172C8AEAD9001B0870 /* Release */ = {
			isa = XCBuildConfiguration;
			buildSettings = {
				ASSETCATALOG_COMPILER_APPICON_NAME = AppIcon;
				ASSETCATALOG_COMPILER_GLOBAL_ACCENT_COLOR_NAME = AccentColor;
				CODE_SIGN_STYLE = Automatic;
				CURRENT_PROJECT_VERSION = 1;
				DEVELOPMENT_ASSET_PATHS = "\"FareFirst-Clone/Preview Content\"";
				DEVELOPMENT_TEAM = YC8Y6Z584P;
				ENABLE_PREVIEWS = YES;
				GENERATE_INFOPLIST_FILE = YES;
				INFOPLIST_KEY_UIApplicationSceneManifest_Generation = YES;
				INFOPLIST_KEY_UIApplicationSupportsIndirectInputEvents = YES;
				INFOPLIST_KEY_UILaunchScreen_Generation = YES;
				INFOPLIST_KEY_UISupportedInterfaceOrientations = UIInterfaceOrientationPortrait;
				IPHONEOS_DEPLOYMENT_TARGET = 16.0;
				LD_RUNPATH_SEARCH_PATHS = (
					"$(inherited)",
					"@executable_path/Frameworks",
				);
				MARKETING_VERSION = 1.0;
				PRODUCT_BUNDLE_IDENTIFIER = "com.test.FareFirst-Clone";
				PRODUCT_NAME = "$(TARGET_NAME)";
				SUPPORTED_PLATFORMS = "iphoneos iphonesimulator";
				SUPPORTS_MACCATALYST = NO;
				SUPPORTS_MAC_DESIGNED_FOR_IPHONE_IPAD = NO;
				SUPPORTS_XR_DESIGNED_FOR_IPHONE_IPAD = NO;
				SWIFT_EMIT_LOC_STRINGS = YES;
				SWIFT_VERSION = 5.0;
				TARGETED_DEVICE_FAMILY = "1,2";
			};
			name = Release;
		};
/* End XCBuildConfiguration section */

/* Begin XCConfigurationList section */
		03CC00152C8AEAD9001B0870 /* Build configuration list for PBXNativeTarget "FareFirst-Clone" */ = {
			isa = XCConfigurationList;
			buildConfigurations = (
				03CC00162C8AEAD9001B0870 /* Debug */,
				03CC00172C8AEAD9001B0870 /* Release */,
			);
			defaultConfigurationIsVisible = 0;
			defaultConfigurationName = Release;
		};
		03CCFFEC2C8AEAD7001B0870 /* Build configuration list for PBXProject "FareFirst-Clone" */ = {
			isa = XCConfigurationList;
			buildConfigurations = (
				03CC00132C8AEAD9001B0870 /* Debug */,
				03CC00142C8AEAD9001B0870 /* Release */,
			);
			defaultConfigurationIsVisible = 0;
			defaultConfigurationName = Release;
		};
/* End XCConfigurationList section */
	};
	rootObject = 03CCFFE92C8AEAD7001B0870 /* Project object */;
}
